
Microsoft Visual Studio Solution File, Format Version 12.00
# Visual Studio 14
VisualStudioVersion = 14.0.25420.1
MinimumVisualStudioVersion = 10.0.40219.1
Project("{E24C65DC-7377-472B-9ABA-BC803B73C61A}") = "APMAngular", "..\..\WebSites\APMAngular\", "{DE1B58FF-B253-4D2C-8F6D-06B916667D5F}"
	ProjectSection(WebsiteProperties) = preProject
		TargetFrameworkMoniker = ".NETFramework,Version%3Dv4.6.1"
		Debug.AspNetCompiler.VirtualPath = "/localhost_52549"
		Debug.AspNetCompiler.PhysicalPath = "..\..\WebSites\APMAngular\"
		Debug.AspNetCompiler.TargetPath = "PrecompiledWeb\localhost_52549\"
		Debug.AspNetCompiler.Updateable = "true"
		Debug.AspNetCompiler.ForceOverwrite = "true"
		Debug.AspNetCompiler.FixedNames = "false"
		Debug.AspNetCompiler.Debug = "True"
		Release.AspNetCompiler.VirtualPath = "/localhost_52549"
		Release.AspNetCompiler.PhysicalPath = "..\..\WebSites\APMAngular\"
		Release.AspNetCompiler.TargetPath = "PrecompiledWeb\localhost_52549\"
		Release.AspNetCompiler.Updateable = "true"
		Release.AspNetCompiler.ForceOverwrite = "true"
		Release.AspNetCompiler.FixedNames = "false"
		Release.AspNetCompiler.Debug = "False"
		VWDPort = "52549"
		SlnRelativePath = "..\..\WebSites\APMAngular\"
		DefaultWebSiteLanguage = "Visual C#"
	EndProjectSection
EndProject
Project("{FAE04EC0-301F-11D3-BF4B-00C04F79EFBC}") = "APMWebapi", "APMWebapi\APMWebapi.csproj", "{499B6CF7-9003-4F34-AAF7-F37AC7A47877}"
EndProject
Global
	GlobalSection(SolutionConfigurationPlatforms) = preSolution
		Debug|Any CPU = Debug|Any CPU
		Release|Any CPU = Release|Any CPU
	EndGlobalSection
	GlobalSection(ProjectConfigurationPlatforms) = postSolution
		{DE1B58FF-B253-4D2C-8F6D-06B916667D5F}.Debug|Any CPU.ActiveCfg = Debug|Any CPU
		{DE1B58FF-B253-4D2C-8F6D-06B916667D5F}.Debug|Any CPU.Build.0 = Debug|Any CPU
		{DE1B58FF-B253-4D2C-8F6D-06B916667D5F}.Release|Any CPU.ActiveCfg = Debug|Any CPU
		{DE1B58FF-B253-4D2C-8F6D-06B916667D5F}.Release|Any CPU.Build.0 = Debug|Any CPU
		{499B6CF7-9003-4F34-AAF7-F37AC7A47877}.Debug|Any CPU.ActiveCfg = Debug|Any CPU
		{499B6CF7-9003-4F34-AAF7-F37AC7A47877}.Debug|Any CPU.Build.0 = Debug|Any CPU
		{499B6CF7-9003-4F34-AAF7-F37AC7A47877}.Release|Any CPU.ActiveCfg = Release|Any CPU
		{499B6CF7-9003-4F34-AAF7-F37AC7A47877}.Release|Any CPU.Build.0 = Release|Any CPU
	EndGlobalSection
	GlobalSection(SolutionProperties) = preSolution
		HideSolutionNode = FALSE
	EndGlobalSection
EndGlobal
